// !$*UTF8*$!
{
	archiveVersion = 1;
	classes = {
	};
	objectVersion = 46;
	objects = {

/* Begin PBXBuildFile section */
		4908BD05193499BB0081E61F /* Foundation.framework in Frameworks */ = {isa = PBXBuildFile; fileRef = 4908BD04193499BB0081E61F /* Foundation.framework */; };
		4908BD07193499BB0081E61F /* CoreGraphics.framework in Frameworks */ = {isa = PBXBuildFile; fileRef = 4908BD06193499BB0081E61F /* CoreGraphics.framework */; };
		4908BD09193499BB0081E61F /* UIKit.framework in Frameworks */ = {isa = PBXBuildFile; fileRef = 4908BD08193499BB0081E61F /* UIKit.framework */; };
		4908BD0F193499BB0081E61F /* InfoPlist.strings in Resources */ = {isa = PBXBuildFile; fileRef = 4908BD0D193499BB0081E61F /* InfoPlist.strings */; };
		4908BD11193499BB0081E61F /* main.m in Sources */ = {isa = PBXBuildFile; fileRef = 4908BD10193499BB0081E61F /* main.m */; };
		4908BD15193499BB0081E61F /* AppDelegate.m in Sources */ = {isa = PBXBuildFile; fileRef = 4908BD14193499BB0081E61F /* AppDelegate.m */; };
		4908BD18193499BB0081E61F /* Main.storyboard in Resources */ = {isa = PBXBuildFile; fileRef = 4908BD16193499BB0081E61F /* Main.storyboard */; };
		4908BD1B193499BB0081E61F /* ViewController.m in Sources */ = {isa = PBXBuildFile; fileRef = 4908BD1A193499BB0081E61F /* ViewController.m */; };
		4908BD1D193499BB0081E61F /* Images.xcassets in Resources */ = {isa = PBXBuildFile; fileRef = 4908BD1C193499BB0081E61F /* Images.xcassets */; };
		4908BD24193499BB0081E61F /* XCTest.framework in Frameworks */ = {isa = PBXBuildFile; fileRef = 4908BD23193499BB0081E61F /* XCTest.framework */; };
		4908BD25193499BB0081E61F /* Foundation.framework in Frameworks */ = {isa = PBXBuildFile; fileRef = 4908BD04193499BB0081E61F /* Foundation.framework */; };
		4908BD26193499BB0081E61F /* UIKit.framework in Frameworks */ = {isa = PBXBuildFile; fileRef = 4908BD08193499BB0081E61F /* UIKit.framework */; };
		4908BD2E193499BB0081E61F /* InfoPlist.strings in Resources */ = {isa = PBXBuildFile; fileRef = 4908BD2C193499BB0081E61F /* InfoPlist.strings */; };
		4908BD30193499BB0081E61F /* testXCtestTests.m in Sources */ = {isa = PBXBuildFile; fileRef = 4908BD2F193499BB0081E61F /* testXCtestTests.m */; };
/* End PBXBuildFile section */

/* Begin PBXContainerItemProxy section */
		4908BD27193499BB0081E61F /* PBXContainerItemProxy */ = {
			isa = PBXContainerItemProxy;
			containerPortal = 4908BCF9193499BB0081E61F /* Project object */;
			proxyType = 1;
			remoteGlobalIDString = 4908BD00193499BB0081E61F;
			remoteInfo = testXCtest;
		};
/* End PBXContainerItemProxy section */

/* Begin PBXFileReference section */
		4908BD01193499BB0081E61F /* testXCtest.app */ = {isa = PBXFileReference; explicitFileType = wrapper.application; includeInIndex = 0; path = testXCtest.app; sourceTree = BUILT_PRODUCTS_DIR; };
		4908BD04193499BB0081E61F /* Foundation.framework */ = {isa = PBXFileReference; lastKnownFileType = wrapper.framework; name = Foundation.framework; path = System/Library/Frameworks/Foundation.framework; sourceTree = SDKROOT; };
		4908BD06193499BB0081E61F /* CoreGraphics.framework */ = {isa = PBXFileReference; lastKnownFileType = wrapper.framework; name = CoreGraphics.framework; path = System/Library/Frameworks/CoreGraphics.framework; sourceTree = SDKROOT; };
		4908BD08193499BB0081E61F /* UIKit.framework */ = {isa = PBXFileReference; lastKnownFileType = wrapper.framework; name = UIKit.framework; path = System/Library/Frameworks/UIKit.framework; sourceTree = SDKROOT; };
		4908BD0C193499BB0081E61F /* testXCtest-Info.plist */ = {isa = PBXFileReference; lastKnownFileType = text.plist.xml; path = "testXCtest-Info.plist"; sourceTree = "<group>"; };
		4908BD0E193499BB0081E61F /* en */ = {isa = PBXFileReference; lastKnownFileType = text.plist.strings; name = en; path = en.lproj/InfoPlist.strings; sourceTree = "<group>"; };
		4908BD10193499BB0081E61F /* main.m */ = {isa = PBXFileReference; lastKnownFileType = sourcecode.c.objc; path = main.m; sourceTree = "<group>"; };
		4908BD12193499BB0081E61F /* testXCtest-Prefix.pch */ = {isa = PBXFileReference; lastKnownFileType = sourcecode.c.h; path = "testXCtest-Prefix.pch"; sourceTree = "<group>"; };
		4908BD13193499BB0081E61F /* AppDelegate.h */ = {isa = PBXFileReference; lastKnownFileType = sourcecode.c.h; path = AppDelegate.h; sourceTree = "<group>"; };
		4908BD14193499BB0081E61F /* AppDelegate.m */ = {isa = PBXFileReference; lastKnownFileType = sourcecode.c.objc; path = AppDelegate.m; sourceTree = "<group>"; };
		4908BD17193499BB0081E61F /* Base */ = {isa = PBXFileReference; lastKnownFileType = file.storyboard; name = Base; path = Base.lproj/Main.storyboard; sourceTree = "<group>"; };
		4908BD19193499BB0081E61F /* ViewController.h */ = {isa = PBXFileReference; lastKnownFileType = sourcecode.c.h; path = ViewController.h; sourceTree = "<group>"; };
		4908BD1A193499BB0081E61F /* ViewController.m */ = {isa = PBXFileReference; lastKnownFileType = sourcecode.c.objc; path = ViewController.m; sourceTree = "<group>"; };
		4908BD1C193499BB0081E61F /* Images.xcassets */ = {isa = PBXFileReference; lastKnownFileType = folder.assetcatalog; path = Images.xcassets; sourceTree = "<group>"; };
		4908BD22193499BB0081E61F /* testXCtestTests.xctest */ = {isa = PBXFileReference; explicitFileType = wrapper.cfbundle; includeInIndex = 0; path = testXCtestTests.xctest; sourceTree = BUILT_PRODUCTS_DIR; };
		4908BD23193499BB0081E61F /* XCTest.framework */ = {isa = PBXFileReference; lastKnownFileType = wrapper.framework; name = XCTest.framework; path = Library/Frameworks/XCTest.framework; sourceTree = DEVELOPER_DIR; };
		4908BD2B193499BB0081E61F /* testXCtestTests-Info.plist */ = {isa = PBXFileReference; lastKnownFileType = text.plist.xml; path = "testXCtestTests-Info.plist"; sourceTree = "<group>"; };
		4908BD2D193499BB0081E61F /* en */ = {isa = PBXFileReference; lastKnownFileType = text.plist.strings; name = en; path = en.lproj/InfoPlist.strings; sourceTree = "<group>"; };
		4908BD2F193499BB0081E61F /* testXCtestTests.m */ = {isa = PBXFileReference; lastKnownFileType = sourcecode.c.objc; path = testXCtestTests.m; sourceTree = "<group>"; };
/* End PBXFileReference section */

/* Begin PBXFrameworksBuildPhase section */
		4908BCFE193499BB0081E61F /* Frameworks */ = {
			isa = PBXFrameworksBuildPhase;
			buildActionMask = 2147483647;
			files = (
				4908BD07193499BB0081E61F /* CoreGraphics.framework in Frameworks */,
				4908BD09193499BB0081E61F /* UIKit.framework in Frameworks */,
				4908BD05193499BB0081E61F /* Foundation.framework in Frameworks */,
			);
			runOnlyForDeploymentPostprocessing = 0;
		};
		4908BD1F193499BB0081E61F /* Frameworks */ = {
			isa = PBXFrameworksBuildPhase;
			buildActionMask = 2147483647;
			files = (
				4908BD24193499BB0081E61F /* XCTest.framework in Frameworks */,
				4908BD26193499BB0081E61F /* UIKit.framework in Frameworks */,
				4908BD25193499BB0081E61F /* Foundation.framework in Frameworks */,
			);
			runOnlyForDeploymentPostprocessing = 0;
		};
/* End PBXFrameworksBuildPhase section */

/* Begin PBXGroup section */
		4908BCF8193499BB0081E61F = {
			isa = PBXGroup;
			children = (
				4908BD0A193499BB0081E61F /* testXCtest */,
				4908BD29193499BB0081E61F /* testXCtestTests */,
				4908BD03193499BB0081E61F /* Frameworks */,
				4908BD02193499BB0081E61F /* Products */,
			);
			sourceTree = "<group>";
		};
		4908BD02193499BB0081E61F /* Products */ = {
			isa = PBXGroup;
			children = (
				4908BD01193499BB0081E61F /* testXCtest.app */,
				4908BD22193499BB0081E61F /* testXCtestTests.xctest */,
			);
			name = Products;
			sourceTree = "<group>";
		};
		4908BD03193499BB0081E61F /* Frameworks */ = {
			isa = PBXGroup;
			children = (
				4908BD04193499BB0081E61F /* Foundation.framework */,
				4908BD06193499BB0081E61F /* CoreGraphics.framework */,
				4908BD08193499BB0081E61F /* UIKit.framework */,
				4908BD23193499BB0081E61F /* XCTest.framework */,
			);
			name = Frameworks;
			sourceTree = "<group>";
		};
		4908BD0A193499BB0081E61F /* testXCtest */ = {
			isa = PBXGroup;
			children = (
				4908BD13193499BB0081E61F /* AppDelegate.h */,
				4908BD14193499BB0081E61F /* AppDelegate.m */,
				4908BD16193499BB0081E61F /* Main.storyboard */,
				4908BD19193499BB0081E61F /* ViewController.h */,
				4908BD1A193499BB0081E61F /* ViewController.m */,
				4908BD1C193499BB0081E61F /* Images.xcassets */,
				4908BD0B193499BB0081E61F /* Supporting Files */,
			);
			path = testXCtest;
			sourceTree = "<group>";
		};
		4908BD0B193499BB0081E61F /* Supporting Files */ = {
			isa = PBXGroup;
			children = (
				4908BD0C193499BB0081E61F /* testXCtest-Info.plist */,
				4908BD0D193499BB0081E61F /* InfoPlist.strings */,
				4908BD10193499BB0081E61F /* main.m */,
				4908BD12193499BB0081E61F /* testXCtest-Prefix.pch */,
			);
			name = "Supporting Files";
			sourceTree = "<group>";
		};
		4908BD29193499BB0081E61F /* testXCtestTests */ = {
			isa = PBXGroup;
			children = (
				4908BD2F193499BB0081E61F /* testXCtestTests.m */,
				4908BD2A193499BB0081E61F /* Supporting Files */,
			);
			path = testXCtestTests;
			sourceTree = "<group>";
		};
		4908BD2A193499BB0081E61F /* Supporting Files */ = {
			isa = PBXGroup;
			children = (
				4908BD2B193499BB0081E61F /* testXCtestTests-Info.plist */,
				4908BD2C193499BB0081E61F /* InfoPlist.strings */,
			);
			name = "Supporting Files";
			sourceTree = "<group>";
		};
/* End PBXGroup section */

/* Begin PBXNativeTarget section */
		4908BD00193499BB0081E61F /* testXCtest */ = {
			isa = PBXNativeTarget;
			buildConfigurationList = 4908BD33193499BB0081E61F /* Build configuration list for PBXNativeTarget "testXCtest" */;
			buildPhases = (
				4908BCFD193499BB0081E61F /* Sources */,
				4908BCFE193499BB0081E61F /* Frameworks */,
				4908BCFF193499BB0081E61F /* Resources */,
			);
			buildRules = (
			);
			dependencies = (
			);
			name = testXCtest;
			productName = testXCtest;
			productReference = 4908BD01193499BB0081E61F /* testXCtest.app */;
			productType = "com.apple.product-type.application";
		};
		4908BD21193499BB0081E61F /* testXCtestTests */ = {
			isa = PBXNativeTarget;
			buildConfigurationList = 4908BD36193499BB0081E61F /* Build configuration list for PBXNativeTarget "testXCtestTests" */;
			buildPhases = (
				4908BD1E193499BB0081E61F /* Sources */,
				4908BD1F193499BB0081E61F /* Frameworks */,
				4908BD20193499BB0081E61F /* Resources */,
			);
			buildRules = (
			);
			dependencies = (
				4908BD28193499BB0081E61F /* PBXTargetDependency */,
			);
			name = testXCtestTests;
			productName = testXCtestTests;
			productReference = 4908BD22193499BB0081E61F /* testXCtestTests.xctest */;
			productType = "com.apple.product-type.bundle.unit-test";
		};
/* End PBXNativeTarget section */

/* Begin PBXProject section */
		4908BCF9193499BB0081E61F /* Project object */ = {
			isa = PBXProject;
			attributes = {
				LastUpgradeCheck = 0510;
				ORGANIZATIONNAME = Irevolution;
				TargetAttributes = {
					4908BD21193499BB0081E61F = {
						TestTargetID = 4908BD00193499BB0081E61F;
					};
				};
			};
			buildConfigurationList = 4908BCFC193499BB0081E61F /* Build configuration list for PBXProject "testXCtest" */;
			compatibilityVersion = "Xcode 3.2";
			developmentRegion = English;
			hasScannedForEncodings = 0;
			knownRegions = (
				en,
				Base,
			);
			mainGroup = 4908BCF8193499BB0081E61F;
			productRefGroup = 4908BD02193499BB0081E61F /* Products */;
			projectDirPath = "";
			projectRoot = "";
			targets = (
				4908BD00193499BB0081E61F /* testXCtest */,
				4908BD21193499BB0081E61F /* testXCtestTests */,
			);
		};
/* End PBXProject section */

/* Begin PBXResourcesBuildPhase section */
		4908BCFF193499BB0081E61F /* Resources */ = {
			isa = PBXResourcesBuildPhase;
			buildActionMask = 2147483647;
			files = (
				4908BD1D193499BB0081E61F /* Images.xcassets in Resources */,
				4908BD0F193499BB0081E61F /* InfoPlist.strings in Resources */,
				4908BD18193499BB0081E61F /* Main.storyboard in Resources */,
			);
			runOnlyForDeploymentPostprocessing = 0;
		};
		4908BD20193499BB0081E61F /* Resources */ = {
			isa = PBXResourcesBuildPhase;
			buildActionMask = 2147483647;
			files = (
				4908BD2E193499BB0081E61F /* InfoPlist.strings in Resources */,
			);
			runOnlyForDeploymentPostprocessing = 0;
		};
/* End PBXResourcesBuildPhase section */

/* Begin PBXSourcesBuildPhase section */
		4908BCFD193499BB0081E61F /* Sources */ = {
			isa = PBXSourcesBuildPhase;
			buildActionMask = 2147483647;
			files = (
				4908BD1B193499BB0081E61F /* ViewController.m in Sources */,
				4908BD15193499BB0081E61F /* AppDelegate.m in Sources */,
				4908BD11193499BB0081E61F /* main.m in Sources */,
			);
			runOnlyForDeploymentPostprocessing = 0;
		};
		4908BD1E193499BB0081E61F /* Sources */ = {
			isa = PBXSourcesBuildPhase;
			buildActionMask = 2147483647;
			files = (
				4908BD30193499BB0081E61F /* testXCtestTests.m in Sources */,
			);
			runOnlyForDeploymentPostprocessing = 0;
		};
/* End PBXSourcesBuildPhase section */

/* Begin PBXTargetDependency section */
		4908BD28193499BB0081E61F /* PBXTargetDependency */ = {
			isa = PBXTargetDependency;
			target = 4908BD00193499BB0081E61F /* testXCtest */;
			targetProxy = 4908BD27193499BB0081E61F /* PBXContainerItemProxy */;
		};
/* End PBXTargetDependency section */

/* Begin PBXVariantGroup section */
		4908BD0D193499BB0081E61F /* InfoPlist.strings */ = {
			isa = PBXVariantGroup;
			children = (
				4908BD0E193499BB0081E61F /* en */,
			);
			name = InfoPlist.strings;
			sourceTree = "<group>";
		};
		4908BD16193499BB0081E61F /* Main.storyboard */ = {
			isa = PBXVariantGroup;
			children = (
				4908BD17193499BB0081E61F /* Base */,
			);
			name = Main.storyboard;
			sourceTree = "<group>";
		};
		4908BD2C193499BB0081E61F /* InfoPlist.strings */ = {
			isa = PBXVariantGroup;
			children = (
				4908BD2D193499BB0081E61F /* en */,
			);
			name = InfoPlist.strings;
			sourceTree = "<group>";
		};
/* End PBXVariantGroup section */

/* Begin XCBuildConfiguration section */
		4908BD31193499BB0081E61F /* Debug */ = {
			isa = XCBuildConfiguration;
			buildSettings = {
				ALWAYS_SEARCH_USER_PATHS = NO;
				CLANG_CXX_LANGUAGE_STANDARD = "gnu++0x";
				CLANG_CXX_LIBRARY = "libc++";
				CLANG_ENABLE_MODULES = YES;
				CLANG_ENABLE_OBJC_ARC = YES;
				CLANG_WARN_BOOL_CONVERSION = YES;
				CLANG_WARN_CONSTANT_CONVERSION = YES;
				CLANG_WARN_DIRECT_OBJC_ISA_USAGE = YES_ERROR;
				CLANG_WARN_EMPTY_BODY = YES;
				CLANG_WARN_ENUM_CONVERSION = YES;
				CLANG_WARN_INT_CONVERSION = YES;
				CLANG_WARN_OBJC_ROOT_CLASS = YES_ERROR;
				CLANG_WARN__DUPLICATE_METHOD_MATCH = YES;
				"CODE_SIGN_IDENTITY[sdk=iphoneos*]" = "iPhone Developer";
				COPY_PHASE_STRIP = NO;
				GCC_C_LANGUAGE_STANDARD = gnu99;
				GCC_DYNAMIC_NO_PIC = NO;
				GCC_OPTIMIZATION_LEVEL = 0;
				GCC_PREPROCESSOR_DEFINITIONS = (
					"DEBUG=1",
					"$(inherited)",
				);
				GCC_SYMBOLS_PRIVATE_EXTERN = NO;
				GCC_WARN_64_TO_32_BIT_CONVERSION = YES;
				GCC_WARN_ABOUT_RETURN_TYPE = YES_ERROR;
				GCC_WARN_UNDECLARED_SELECTOR = YES;
				GCC_WARN_UNINITIALIZED_AUTOS = YES_AGGRESSIVE;
				GCC_WARN_UNUSED_FUNCTION = YES;
				GCC_WARN_UNUSED_VARIABLE = YES;
				IPHONEOS_DEPLOYMENT_TARGET = 7.1;
				ONLY_ACTIVE_ARCH = YES;
				SDKROOT = iphoneos;
			};
			name = Debug;
		};
		4908BD32193499BB0081E61F /* Release */ = {
			isa = XCBuildConfiguration;
			buildSettings = {
				ALWAYS_SEARCH_USER_PATHS = NO;
				CLANG_CXX_LANGUAGE_STANDARD = "gnu++0x";
				CLANG_CXX_LIBRARY = "libc++";
				CLANG_ENABLE_MODULES = YES;
				CLANG_ENABLE_OBJC_ARC = YES;
				CLANG_WARN_BOOL_CONVERSION = YES;
				CLANG_WARN_CONSTANT_CONVERSION = YES;
				CLANG_WARN_DIRECT_OBJC_ISA_USAGE = YES_ERROR;
				CLANG_WARN_EMPTY_BODY = YES;
				CLANG_WARN_ENUM_CONVERSION = YES;
				CLANG_WARN_INT_CONVERSION = YES;
				CLANG_WARN_OBJC_ROOT_CLASS = YES_ERROR;
				CLANG_WARN__DUPLICATE_METHOD_MATCH = YES;
				"CODE_SIGN_IDENTITY[sdk=iphoneos*]" = "iPhone Developer";
				COPY_PHASE_STRIP = YES;
				ENABLE_NS_ASSERTIONS = NO;
				GCC_C_LANGUAGE_STANDARD = gnu99;
				GCC_WARN_64_TO_32_BIT_CONVERSION = YES;
				GCC_WARN_ABOUT_RETURN_TYPE = YES_ERROR;
				GCC_WARN_UNDECLARED_SELECTOR = YES;
				GCC_WARN_UNINITIALIZED_AUTOS = YES_AGGRESSIVE;
				GCC_WARN_UNUSED_FUNCTION = YES;
				GCC_WARN_UNUSED_VARIABLE = YES;
				IPHONEOS_DEPLOYMENT_TARGET = 7.1;
				SDKROOT = iphoneos;
				VALIDATE_PRODUCT = YES;
			};
			name = Release;
		};
		4908BD34193499BB0081E61F /* Debug */ = {
			isa = XCBuildConfiguration;
			buildSettings = {
				ASSETCATALOG_COMPILER_APPICON_NAME = AppIcon;
				ASSETCATALOG_COMPILER_LAUNCHIMAGE_NAME = LaunchImage;
				GCC_PRECOMPILE_PREFIX_HEADER = YES;
				GCC_PREFIX_HEADER = "testXCtest/testXCtest-Prefix.pch";
				INFOPLIST_FILE = "testXCtest/testXCtest-Info.plist";
				IPHONEOS_DEPLOYMENT_TARGET = 6.0;
				PRODUCT_NAME = "$(TARGET_NAME)";
				WRAPPER_EXTENSION = app;
			};
			name = Debug;
		};
		4908BD35193499BB0081E61F /* Release */ = {
			isa = XCBuildConfiguration;
			buildSettings = {
				ASSETCATALOG_COMPILER_APPICON_NAME = AppIcon;
				ASSETCATALOG_COMPILER_LAUNCHIMAGE_NAME = LaunchImage;
				GCC_PRECOMPILE_PREFIX_HEADER = YES;
				GCC_PREFIX_HEADER = "testXCtest/testXCtest-Prefix.pch";
				INFOPLIST_FILE = "testXCtest/testXCtest-Info.plist";
				IPHONEOS_DEPLOYMENT_TARGET = 6.0;
				PRODUCT_NAME = "$(TARGET_NAME)";
				WRAPPER_EXTENSION = app;
			};
			name = Release;
		};
		4908BD37193499BB0081E61F /* Debug */ = {
			isa = XCBuildConfiguration;
			buildSettings = {
				BUNDLE_LOADER = "$(BUILT_PRODUCTS_DIR)/testXCtest.app/testXCtest";
				FRAMEWORK_SEARCH_PATHS = (
					"$(SDKROOT)/Developer/Library/Frameworks",
					"$(inherited)",
					"$(DEVELOPER_FRAMEWORKS_DIR)",
				);
				GCC_PRECOMPILE_PREFIX_HEADER = YES;
				GCC_PREFIX_HEADER = "testXCtest/testXCtest-Prefix.pch";
				GCC_PREPROCESSOR_DEFINITIONS = (
					"DEBUG=1",
					"$(inherited)",
				);
				INFOPLIST_FILE = "testXCtestTests/testXCtestTests-Info.plist";
				PRODUCT_NAME = "$(TARGET_NAME)";
				TEST_HOST = "$(BUNDLE_LOADER)";
				WRAPPER_EXTENSION = xctest;
			};
			name = Debug;
		};
		4908BD38193499BB0081E61F /* Release */ = {
			isa = XCBuildConfiguration;
			buildSettings = {
				BUNDLE_LOADER = "$(BUILT_PRODUCTS_DIR)/testXCtest.app/testXCtest";
				FRAMEWORK_SEARCH_PATHS = (
					"$(SDKROOT)/Developer/Library/Frameworks",
					"$(inherited)",
					"$(DEVELOPER_FRAMEWORKS_DIR)",
				);
				GCC_PRECOMPILE_PREFIX_HEADER = YES;
				GCC_PREFIX_HEADER = "testXCtest/testXCtest-Prefix.pch";
				INFOPLIST_FILE = "testXCtestTests/testXCtestTests-Info.plist";
				PRODUCT_NAME = "$(TARGET_NAME)";
				TEST_HOST = "$(BUNDLE_LOADER)";
				WRAPPER_EXTENSION = xctest;
			};
			name = Release;
		};
/* End XCBuildConfiguration section */

/* Begin XCConfigurationList section */
		4908BCFC193499BB0081E61F /* Build configuration list for PBXProject "testXCtest" */ = {
			isa = XCConfigurationList;
			buildConfigurations = (
				4908BD31193499BB0081E61F /* Debug */,
				4908BD32193499BB0081E61F /* Release */,
			);
			defaultConfigurationIsVisible = 0;
			defaultConfigurationName = Release;
		};
		4908BD33193499BB0081E61F /* Build configuration list for PBXNativeTarget "testXCtest" */ = {
			isa = XCConfigurationList;
			buildConfigurations = (
				4908BD34193499BB0081E61F /* Debug */,
				4908BD35193499BB0081E61F /* Release */,
			);
			defaultConfigurationIsVisible = 0;
		};
		4908BD36193499BB0081E61F /* Build configuration list for PBXNativeTarget "testXCtestTests" */ = {
			isa = XCConfigurationList;
			buildConfigurations = (
				4908BD37193499BB0081E61F /* Debug */,
				4908BD38193499BB0081E61F /* Release */,
			);
			defaultConfigurationIsVisible = 0;
		};
/* End XCConfigurationList section */
	};
	rootObject = 4908BCF9193499BB0081E61F /* Project object */;
}
